
Microsoft Visual Studio Solution File, Format Version 12.00
# Visual Studio Version 17
VisualStudioVersion = 17.3.32929.385
MinimumVisualStudioVersion = 10.0.40219.1
Project("{FAE04EC0-301F-11D3-BF4B-00C04F79EFBC}") = "Jordanian Tuorsim Office", "Jordanian Tuorsim Office\Jordanian Tuorsim Office.csproj", "{C2E19B47-98B5-4F19-8307-9324DCCF0278}"
EndProject
Global
	GlobalSection(SolutionConfigurationPlatforms) = preSolution
		Debug|Any CPU = Debug|Any CPU
		Release|Any CPU = Release|Any CPU
	EndGlobalSection
	GlobalSection(ProjectConfigurationPlatforms) = postSolution
		{C2E19B47-98B5-4F19-8307-9324DCCF0278}.Debug|Any CPU.ActiveCfg = Debug|Any CPU
		{C2E19B47-98B5-4F19-8307-9324DCCF0278}.Debug|Any CPU.Build.0 = Debug|Any CPU
		{C2E19B47-98B5-4F19-8307-9324DCCF0278}.Release|Any CPU.ActiveCfg = Release|Any CPU
		{C2E19B47-98B5-4F19-8307-9324DCCF0278}.Release|Any CPU.Build.0 = Release|Any CPU
	EndGlobalSection
	GlobalSection(SolutionProperties) = preSolution
		HideSolutionNode = FALSE
	EndGlobalSection
	GlobalSection(ExtensibilityGlobals) = postSolution
		SolutionGuid = {B04A1E25-ED82-4A5F-B6D8-889D38AAF35F}
	EndGlobalSection
EndGlobal
